// !$*UTF8*$!
{
	archiveVersion = 1;
	classes = {
	};
	objectVersion = 51;
	objects = {

/* Begin PBXBuildFile section */
		21DB458D247F287D007A8C4F /* AppDelegate.swift in Sources */ = {isa = PBXBuildFile; fileRef = 21DB458C247F287D007A8C4F /* AppDelegate.swift */; };
		21DB458F247F287D007A8C4F /* SceneDelegate.swift in Sources */ = {isa = PBXBuildFile; fileRef = 21DB458E247F287D007A8C4F /* SceneDelegate.swift */; };
		21DB4591247F287D007A8C4F /* ViewController.swift in Sources */ = {isa = PBXBuildFile; fileRef = 21DB4590247F287D007A8C4F /* ViewController.swift */; };
		21DB4594247F287D007A8C4F /* Main.storyboard in Resources */ = {isa = PBXBuildFile; fileRef = 21DB4592247F287D007A8C4F /* Main.storyboard */; };
		21DB4596247F287E007A8C4F /* Assets.xcassets in Resources */ = {isa = PBXBuildFile; fileRef = 21DB4595247F287E007A8C4F /* Assets.xcassets */; };
		21DB4599247F287E007A8C4F /* LaunchScreen.storyboard in Resources */ = {isa = PBXBuildFile; fileRef = 21DB4597247F287E007A8C4F /* LaunchScreen.storyboard */; };
		B900C66E74E737E2F04892B4 /* Pods_SportTechnic.framework in Frameworks */ = {isa = PBXBuildFile; fileRef = 041289094B0D75B9DAC19E15 /* Pods_SportTechnic.framework */; };
		E50CD2FE248712170015E6A0 /* LOGO.png in Resources */ = {isa = PBXBuildFile; fileRef = E50CD2FD248712170015E6A0 /* LOGO.png */; };
		E50CD303248713010015E6A0 /* legs.png in Resources */ = {isa = PBXBuildFile; fileRef = E50CD2FF248712FF0015E6A0 /* legs.png */; };
		E50CD304248713010015E6A0 /* abs.png in Resources */ = {isa = PBXBuildFile; fileRef = E50CD300248713000015E6A0 /* abs.png */; };
		E50CD305248713010015E6A0 /* cardio.jpg in Resources */ = {isa = PBXBuildFile; fileRef = E50CD301248713000015E6A0 /* cardio.jpg */; };
		E50CD306248713010015E6A0 /* arm.png in Resources */ = {isa = PBXBuildFile; fileRef = E50CD302248713010015E6A0 /* arm.png */; };
		E50CD308248718230015E6A0 /* EjerciciosEspecificosVC.swift in Sources */ = {isa = PBXBuildFile; fileRef = E50CD307248718230015E6A0 /* EjerciciosEspecificosVC.swift */; };
		E50CD30A248736800015E6A0 /* lagartija_lateral.MOV in Resources */ = {isa = PBXBuildFile; fileRef = E50CD3092487367F0015E6A0 /* lagartija_lateral.MOV */; };
		E50CD30C24873AD10015E6A0 /* sent_2.MOV in Resources */ = {isa = PBXBuildFile; fileRef = E50CD30B24873AD10015E6A0 /* sent_2.MOV */; };
		E5DD918F2487505100A259D5 /* LogInVC.swift in Sources */ = {isa = PBXBuildFile; fileRef = E5DD918E2487505100A259D5 /* LogInVC.swift */; };
		E5DD91912487505D00A259D5 /* StartVC.swift in Sources */ = {isa = PBXBuildFile; fileRef = E5DD91902487505D00A259D5 /* StartVC.swift */; };
		E5DD91952487512B00A259D5 /* SingUpVC.swift in Sources */ = {isa = PBXBuildFile; fileRef = E5DD91942487512B00A259D5 /* SingUpVC.swift */; };
		E5DD919824875B3E00A259D5 /* Utilities.swift in Sources */ = {isa = PBXBuildFile; fileRef = E5DD919724875B3E00A259D5 /* Utilities.swift */; };
		E5DD919A2487619E00A259D5 /* GoogleService-Info.plist in Resources */ = {isa = PBXBuildFile; fileRef = E5DD91992487619E00A259D5 /* GoogleService-Info.plist */; };
		E5DD919C2487F98B00A259D5 /* Constants.swift in Sources */ = {isa = PBXBuildFile; fileRef = E5DD919B2487F98B00A259D5 /* Constants.swift */; };
/* End PBXBuildFile section */

/* Begin PBXFileReference section */
		041289094B0D75B9DAC19E15 /* Pods_SportTechnic.framework */ = {isa = PBXFileReference; explicitFileType = wrapper.framework; includeInIndex = 0; path = Pods_SportTechnic.framework; sourceTree = BUILT_PRODUCTS_DIR; };
		21DB4589247F287D007A8C4F /* SportTechnic.app */ = {isa = PBXFileReference; explicitFileType = wrapper.application; includeInIndex = 0; path = SportTechnic.app; sourceTree = BUILT_PRODUCTS_DIR; };
		21DB458C247F287D007A8C4F /* AppDelegate.swift */ = {isa = PBXFileReference; lastKnownFileType = sourcecode.swift; path = AppDelegate.swift; sourceTree = "<group>"; };
		21DB458E247F287D007A8C4F /* SceneDelegate.swift */ = {isa = PBXFileReference; lastKnownFileType = sourcecode.swift; path = SceneDelegate.swift; sourceTree = "<group>"; };
		21DB4590247F287D007A8C4F /* ViewController.swift */ = {isa = PBXFileReference; lastKnownFileType = sourcecode.swift; path = ViewController.swift; sourceTree = "<group>"; };
		21DB4593247F287D007A8C4F /* Base */ = {isa = PBXFileReference; lastKnownFileType = file.storyboard; name = Base; path = Base.lproj/Main.storyboard; sourceTree = "<group>"; };
		21DB4595247F287E007A8C4F /* Assets.xcassets */ = {isa = PBXFileReference; lastKnownFileType = folder.assetcatalog; path = Assets.xcassets; sourceTree = "<group>"; };
		21DB4598247F287E007A8C4F /* Base */ = {isa = PBXFileReference; lastKnownFileType = file.storyboard; name = Base; path = Base.lproj/LaunchScreen.storyboard; sourceTree = "<group>"; };
		21DB459A247F287E007A8C4F /* Info.plist */ = {isa = PBXFileReference; lastKnownFileType = text.plist.xml; path = Info.plist; sourceTree = "<group>"; };
		6C026A028E69AC2D188287B2 /* Pods-SportTechnic.debug.xcconfig */ = {isa = PBXFileReference; includeInIndex = 1; lastKnownFileType = text.xcconfig; name = "Pods-SportTechnic.debug.xcconfig"; path = "Target Support Files/Pods-SportTechnic/Pods-SportTechnic.debug.xcconfig"; sourceTree = "<group>"; };
		D7FF1DADC87051651830899E /* Pods-SportTechnic.release.xcconfig */ = {isa = PBXFileReference; includeInIndex = 1; lastKnownFileType = text.xcconfig; name = "Pods-SportTechnic.release.xcconfig"; path = "Target Support Files/Pods-SportTechnic/Pods-SportTechnic.release.xcconfig"; sourceTree = "<group>"; };
		E50CD2FD248712170015E6A0 /* LOGO.png */ = {isa = PBXFileReference; lastKnownFileType = image.png; path = LOGO.png; sourceTree = "<group>"; };
		E50CD2FF248712FF0015E6A0 /* legs.png */ = {isa = PBXFileReference; lastKnownFileType = image.png; path = legs.png; sourceTree = "<group>"; };
		E50CD300248713000015E6A0 /* abs.png */ = {isa = PBXFileReference; lastKnownFileType = image.png; path = abs.png; sourceTree = "<group>"; };
		E50CD301248713000015E6A0 /* cardio.jpg */ = {isa = PBXFileReference; lastKnownFileType = image.jpeg; path = cardio.jpg; sourceTree = "<group>"; };
		E50CD302248713010015E6A0 /* arm.png */ = {isa = PBXFileReference; lastKnownFileType = image.png; path = arm.png; sourceTree = "<group>"; };
		E50CD307248718230015E6A0 /* EjerciciosEspecificosVC.swift */ = {isa = PBXFileReference; lastKnownFileType = sourcecode.swift; path = EjerciciosEspecificosVC.swift; sourceTree = "<group>"; };
		E50CD3092487367F0015E6A0 /* lagartija_lateral.MOV */ = {isa = PBXFileReference; lastKnownFileType = video.quicktime; path = lagartija_lateral.MOV; sourceTree = "<group>"; };
		E50CD30B24873AD10015E6A0 /* sent_2.MOV */ = {isa = PBXFileReference; lastKnownFileType = video.quicktime; path = sent_2.MOV; sourceTree = "<group>"; };
		E5DD918E2487505100A259D5 /* LogInVC.swift */ = {isa = PBXFileReference; lastKnownFileType = sourcecode.swift; path = LogInVC.swift; sourceTree = "<group>"; };
		E5DD91902487505D00A259D5 /* StartVC.swift */ = {isa = PBXFileReference; lastKnownFileType = sourcecode.swift; path = StartVC.swift; sourceTree = "<group>"; };
		E5DD91942487512B00A259D5 /* SingUpVC.swift */ = {isa = PBXFileReference; lastKnownFileType = sourcecode.swift; path = SingUpVC.swift; sourceTree = "<group>"; };
		E5DD919724875B3E00A259D5 /* Utilities.swift */ = {isa = PBXFileReference; fileEncoding = 4; lastKnownFileType = sourcecode.swift; path = Utilities.swift; sourceTree = "<group>"; };
		E5DD91992487619E00A259D5 /* GoogleService-Info.plist */ = {isa = PBXFileReference; fileEncoding = 4; lastKnownFileType = text.plist.xml; path = "GoogleService-Info.plist"; sourceTree = "<group>"; };
		E5DD919B2487F98B00A259D5 /* Constants.swift */ = {isa = PBXFileReference; lastKnownFileType = sourcecode.swift; path = Constants.swift; sourceTree = "<group>"; };
/* End PBXFileReference section */

/* Begin PBXFrameworksBuildPhase section */
		21DB4586247F287D007A8C4F /* Frameworks */ = {
			isa = PBXFrameworksBuildPhase;
			buildActionMask = 2147483647;
			files = (
				B900C66E74E737E2F04892B4 /* Pods_SportTechnic.framework in Frameworks */,
			);
			runOnlyForDeploymentPostprocessing = 0;
		};
/* End PBXFrameworksBuildPhase section */

/* Begin PBXGroup section */
		21DB4580247F287D007A8C4F = {
			isa = PBXGroup;
			children = (
				21DB458B247F287D007A8C4F /* SportTechnic */,
				21DB458A247F287D007A8C4F /* Products */,
				732E15CD3558520518916EEC /* Pods */,
				BEEDC0A71EF1F1C8867F9A1F /* Frameworks */,
			);
			sourceTree = "<group>";
		};
		21DB458A247F287D007A8C4F /* Products */ = {
			isa = PBXGroup;
			children = (
				21DB4589247F287D007A8C4F /* SportTechnic.app */,
			);
			name = Products;
			sourceTree = "<group>";
		};
		21DB458B247F287D007A8C4F /* SportTechnic */ = {
			isa = PBXGroup;
			children = (
				21DB458C247F287D007A8C4F /* AppDelegate.swift */,
				21DB458E247F287D007A8C4F /* SceneDelegate.swift */,
				E5DD919624875B3300A259D5 /* Helpers */,
				E5DD918B2487501C00A259D5 /* View Controllers */,
				E50CD30B24873AD10015E6A0 /* sent_2.MOV */,
				E50CD3092487367F0015E6A0 /* lagartija_lateral.MOV */,
				E50CD2FD248712170015E6A0 /* LOGO.png */,
				E50CD300248713000015E6A0 /* abs.png */,
				E50CD302248713010015E6A0 /* arm.png */,
				E50CD301248713000015E6A0 /* cardio.jpg */,
				E50CD2FF248712FF0015E6A0 /* legs.png */,
				21DB4592247F287D007A8C4F /* Main.storyboard */,
				21DB4595247F287E007A8C4F /* Assets.xcassets */,
				21DB4597247F287E007A8C4F /* LaunchScreen.storyboard */,
				E5DD91992487619E00A259D5 /* GoogleService-Info.plist */,
				21DB459A247F287E007A8C4F /* Info.plist */,
			);
			path = SportTechnic;
			sourceTree = "<group>";
		};
		732E15CD3558520518916EEC /* Pods */ = {
			isa = PBXGroup;
			children = (
				6C026A028E69AC2D188287B2 /* Pods-SportTechnic.debug.xcconfig */,
				D7FF1DADC87051651830899E /* Pods-SportTechnic.release.xcconfig */,
			);
			path = Pods;
			sourceTree = "<group>";
		};
		BEEDC0A71EF1F1C8867F9A1F /* Frameworks */ = {
			isa = PBXGroup;
			children = (
				041289094B0D75B9DAC19E15 /* Pods_SportTechnic.framework */,
			);
			name = Frameworks;
			sourceTree = "<group>";
		};
		E5DD918B2487501C00A259D5 /* View Controllers */ = {
			isa = PBXGroup;
			children = (
				E50CD307248718230015E6A0 /* EjerciciosEspecificosVC.swift */,
				21DB4590247F287D007A8C4F /* ViewController.swift */,
				E5DD918E2487505100A259D5 /* LogInVC.swift */,
				E5DD91902487505D00A259D5 /* StartVC.swift */,
				E5DD91942487512B00A259D5 /* SingUpVC.swift */,
			);
			path = "View Controllers";
			sourceTree = "<group>";
		};
		E5DD919624875B3300A259D5 /* Helpers */ = {
			isa = PBXGroup;
			children = (
				E5DD919724875B3E00A259D5 /* Utilities.swift */,
				E5DD919B2487F98B00A259D5 /* Constants.swift */,
			);
			path = Helpers;
			sourceTree = "<group>";
		};
/* End PBXGroup section */

/* Begin PBXNativeTarget section */
		21DB4588247F287D007A8C4F /* SportTechnic */ = {
			isa = PBXNativeTarget;
			buildConfigurationList = 21DB459D247F287E007A8C4F /* Build configuration list for PBXNativeTarget "SportTechnic" */;
			buildPhases = (
				7BA0DB4EB4818D299C785497 /* [CP] Check Pods Manifest.lock */,
				21DB4585247F287D007A8C4F /* Sources */,
				21DB4586247F287D007A8C4F /* Frameworks */,
				21DB4587247F287D007A8C4F /* Resources */,
				CC4C8F2E5FCB47707D15AFB7 /* [CP] Embed Pods Frameworks */,
			);
			buildRules = (
			);
			dependencies = (
			);
			name = SportTechnic;
			productName = SportTechnic;
			productReference = 21DB4589247F287D007A8C4F /* SportTechnic.app */;
			productType = "com.apple.product-type.application";
		};
/* End PBXNativeTarget section */

/* Begin PBXProject section */
		21DB4581247F287D007A8C4F /* Project object */ = {
			isa = PBXProject;
			attributes = {
				LastSwiftUpdateCheck = 1140;
				LastUpgradeCheck = 1140;
				ORGANIZATIONNAME = SportTechnic;
				TargetAttributes = {
					21DB4588247F287D007A8C4F = {
						CreatedOnToolsVersion = 11.4.1;
					};
				};
			};
			buildConfigurationList = 21DB4584247F287D007A8C4F /* Build configuration list for PBXProject "SportTechnic" */;
			compatibilityVersion = "Xcode 9.3";
			developmentRegion = en;
			hasScannedForEncodings = 0;
			knownRegions = (
				en,
				Base,
			);
			mainGroup = 21DB4580247F287D007A8C4F;
			productRefGroup = 21DB458A247F287D007A8C4F /* Products */;
			projectDirPath = "";
			projectRoot = "";
			targets = (
				21DB4588247F287D007A8C4F /* SportTechnic */,
			);
		};
/* End PBXProject section */

/* Begin PBXResourcesBuildPhase section */
		21DB4587247F287D007A8C4F /* Resources */ = {
			isa = PBXResourcesBuildPhase;
			buildActionMask = 2147483647;
			files = (
				E50CD305248713010015E6A0 /* cardio.jpg in Resources */,
				E50CD304248713010015E6A0 /* abs.png in Resources */,
				E50CD306248713010015E6A0 /* arm.png in Resources */,
				E50CD2FE248712170015E6A0 /* LOGO.png in Resources */,
				E50CD303248713010015E6A0 /* legs.png in Resources */,
				21DB4599247F287E007A8C4F /* LaunchScreen.storyboard in Resources */,
				21DB4596247F287E007A8C4F /* Assets.xcassets in Resources */,
				E50CD30A248736800015E6A0 /* lagartija_lateral.MOV in Resources */,
				E5DD919A2487619E00A259D5 /* GoogleService-Info.plist in Resources */,
				21DB4594247F287D007A8C4F /* Main.storyboard in Resources */,
				E50CD30C24873AD10015E6A0 /* sent_2.MOV in Resources */,
			);
			runOnlyForDeploymentPostprocessing = 0;
		};
/* End PBXResourcesBuildPhase section */

/* Begin PBXShellScriptBuildPhase section */
		7BA0DB4EB4818D299C785497 /* [CP] Check Pods Manifest.lock */ = {
			isa = PBXShellScriptBuildPhase;
			buildActionMask = 2147483647;
			files = (
			);
			inputFileListPaths = (
			);
			inputPaths = (
				"${PODS_PODFILE_DIR_PATH}/Podfile.lock",
				"${PODS_ROOT}/Manifest.lock",
			);
			name = "[CP] Check Pods Manifest.lock";
			outputFileListPaths = (
			);
			outputPaths = (
				"$(DERIVED_FILE_DIR)/Pods-SportTechnic-checkManifestLockResult.txt",
			);
			runOnlyForDeploymentPostprocessing = 0;
			shellPath = /bin/sh;
			shellScript = "diff \"${PODS_PODFILE_DIR_PATH}/Podfile.lock\" \"${PODS_ROOT}/Manifest.lock\" > /dev/null\nif [ $? != 0 ] ; then\n    # print error to STDERR\n    echo \"error: The sandbox is not in sync with the Podfile.lock. Run 'pod install' or update your CocoaPods installation.\" >&2\n    exit 1\nfi\n# This output is used by Xcode 'outputs' to avoid re-running this script phase.\necho \"SUCCESS\" > \"${SCRIPT_OUTPUT_FILE_0}\"\n";
			showEnvVarsInLog = 0;
		};
		CC4C8F2E5FCB47707D15AFB7 /* [CP] Embed Pods Frameworks */ = {
			isa = PBXShellScriptBuildPhase;
			buildActionMask = 2147483647;
			files = (
			);
			inputFileListPaths = (
				"${PODS_ROOT}/Target Support Files/Pods-SportTechnic/Pods-SportTechnic-frameworks-${CONFIGURATION}-input-files.xcfilelist",
			);
			name = "[CP] Embed Pods Frameworks";
			outputFileListPaths = (
				"${PODS_ROOT}/Target Support Files/Pods-SportTechnic/Pods-SportTechnic-frameworks-${CONFIGURATION}-output-files.xcfilelist",
			);
			runOnlyForDeploymentPostprocessing = 0;
			shellPath = /bin/sh;
			shellScript = "\"${PODS_ROOT}/Target Support Files/Pods-SportTechnic/Pods-SportTechnic-frameworks.sh\"\n";
			showEnvVarsInLog = 0;
		};
/* End PBXShellScriptBuildPhase section */

/* Begin PBXSourcesBuildPhase section */
		21DB4585247F287D007A8C4F /* Sources */ = {
			isa = PBXSourcesBuildPhase;
			buildActionMask = 2147483647;
			files = (
				21DB4591247F287D007A8C4F /* ViewController.swift in Sources */,
				21DB458D247F287D007A8C4F /* AppDelegate.swift in Sources */,
				E5DD91952487512B00A259D5 /* SingUpVC.swift in Sources */,
				E5DD918F2487505100A259D5 /* LogInVC.swift in Sources */,
				E5DD91912487505D00A259D5 /* StartVC.swift in Sources */,
				E50CD308248718230015E6A0 /* EjerciciosEspecificosVC.swift in Sources */,
				E5DD919824875B3E00A259D5 /* Utilities.swift in Sources */,
				21DB458F247F287D007A8C4F /* SceneDelegate.swift in Sources */,
				E5DD919C2487F98B00A259D5 /* Constants.swift in Sources */,
			);
			runOnlyForDeploymentPostprocessing = 0;
		};
/* End PBXSourcesBuildPhase section */

/* Begin PBXVariantGroup section */
		21DB4592247F287D007A8C4F /* Main.storyboard */ = {
			isa = PBXVariantGroup;
			children = (
				21DB4593247F287D007A8C4F /* Base */,
			);
			name = Main.storyboard;
			sourceTree = "<group>";
		};
		21DB4597247F287E007A8C4F /* LaunchScreen.storyboard */ = {
			isa = PBXVariantGroup;
			children = (
				21DB4598247F287E007A8C4F /* Base */,
			);
			name = LaunchScreen.storyboard;
			sourceTree = "<group>";
		};
/* End PBXVariantGroup section */

/* Begin XCBuildConfiguration section */
		21DB459B247F287E007A8C4F /* Debug */ = {
			isa = XCBuildConfiguration;
			buildSettings = {
				ALWAYS_SEARCH_USER_PATHS = NO;
				CLANG_ANALYZER_NONNULL = YES;
				CLANG_ANALYZER_NUMBER_OBJECT_CONVERSION = YES_AGGRESSIVE;
				CLANG_CXX_LANGUAGE_STANDARD = "gnu++14";
				CLANG_CXX_LIBRARY = "libc++";
				CLANG_ENABLE_MODULES = YES;
				CLANG_ENABLE_OBJC_ARC = YES;
				CLANG_ENABLE_OBJC_WEAK = YES;
				CLANG_WARN_BLOCK_CAPTURE_AUTORELEASING = YES;
				CLANG_WARN_BOOL_CONVERSION = YES;
				CLANG_WARN_COMMA = YES;
				CLANG_WARN_CONSTANT_CONVERSION = YES;
				CLANG_WARN_DEPRECATED_OBJC_IMPLEMENTATIONS = YES;
				CLANG_WARN_DIRECT_OBJC_ISA_USAGE = YES_ERROR;
				CLANG_WARN_DOCUMENTATION_COMMENTS = YES;
				CLANG_WARN_EMPTY_BODY = YES;
				CLANG_WARN_ENUM_CONVERSION = YES;
				CLANG_WARN_INFINITE_RECURSION = YES;
				CLANG_WARN_INT_CONVERSION = YES;
				CLANG_WARN_NON_LITERAL_NULL_CONVERSION = YES;
				CLANG_WARN_OBJC_IMPLICIT_RETAIN_SELF = YES;
				CLANG_WARN_OBJC_LITERAL_CONVERSION = YES;
				CLANG_WARN_OBJC_ROOT_CLASS = YES_ERROR;
				CLANG_WARN_RANGE_LOOP_ANALYSIS = YES;
				CLANG_WARN_STRICT_PROTOTYPES = YES;
				CLANG_WARN_SUSPICIOUS_MOVE = YES;
				CLANG_WARN_UNGUARDED_AVAILABILITY = YES_AGGRESSIVE;
				CLANG_WARN_UNREACHABLE_CODE = YES;
				CLANG_WARN__DUPLICATE_METHOD_MATCH = YES;
				COPY_PHASE_STRIP = NO;
				DEBUG_INFORMATION_FORMAT = dwarf;
				ENABLE_STRICT_OBJC_MSGSEND = YES;
				ENABLE_TESTABILITY = YES;
				GCC_C_LANGUAGE_STANDARD = gnu11;
				GCC_DYNAMIC_NO_PIC = NO;
				GCC_NO_COMMON_BLOCKS = YES;
				GCC_OPTIMIZATION_LEVEL = 0;
				GCC_PREPROCESSOR_DEFINITIONS = (
					"DEBUG=1",
					"$(inherited)",
				);
				GCC_WARN_64_TO_32_BIT_CONVERSION = YES;
				GCC_WARN_ABOUT_RETURN_TYPE = YES_ERROR;
				GCC_WARN_UNDECLARED_SELECTOR = YES;
				GCC_WARN_UNINITIALIZED_AUTOS = YES_AGGRESSIVE;
				GCC_WARN_UNUSED_FUNCTION = YES;
				GCC_WARN_UNUSED_VARIABLE = YES;
				IPHONEOS_DEPLOYMENT_TARGET = 13.4;
				MTL_ENABLE_DEBUG_INFO = INCLUDE_SOURCE;
				MTL_FAST_MATH = YES;
				ONLY_ACTIVE_ARCH = YES;
				SDKROOT = iphoneos;
				SWIFT_ACTIVE_COMPILATION_CONDITIONS = DEBUG;
				SWIFT_OPTIMIZATION_LEVEL = "-Onone";
			};
			name = Debug;
		};
		21DB459C247F287E007A8C4F /* Release */ = {
			isa = XCBuildConfiguration;
			buildSettings = {
				ALWAYS_SEARCH_USER_PATHS = NO;
				CLANG_ANALYZER_NONNULL = YES;
				CLANG_ANALYZER_NUMBER_OBJECT_CONVERSION = YES_AGGRESSIVE;
				CLANG_CXX_LANGUAGE_STANDARD = "gnu++14";
				CLANG_CXX_LIBRARY = "libc++";
				CLANG_ENABLE_MODULES = YES;
				CLANG_ENABLE_OBJC_ARC = YES;
				CLANG_ENABLE_OBJC_WEAK = YES;
				CLANG_WARN_BLOCK_CAPTURE_AUTORELEASING = YES;
				CLANG_WARN_BOOL_CONVERSION = YES;
				CLANG_WARN_COMMA = YES;
				CLANG_WARN_CONSTANT_CONVERSION = YES;
				CLANG_WARN_DEPRECATED_OBJC_IMPLEMENTATIONS = YES;
				CLANG_WARN_DIRECT_OBJC_ISA_USAGE = YES_ERROR;
				CLANG_WARN_DOCUMENTATION_COMMENTS = YES;
				CLANG_WARN_EMPTY_BODY = YES;
				CLANG_WARN_ENUM_CONVERSION = YES;
				CLANG_WARN_INFINITE_RECURSION = YES;
				CLANG_WARN_INT_CONVERSION = YES;
				CLANG_WARN_NON_LITERAL_NULL_CONVERSION = YES;
				CLANG_WARN_OBJC_IMPLICIT_RETAIN_SELF = YES;
				CLANG_WARN_OBJC_LITERAL_CONVERSION = YES;
				CLANG_WARN_OBJC_ROOT_CLASS = YES_ERROR;
				CLANG_WARN_RANGE_LOOP_ANALYSIS = YES;
				CLANG_WARN_STRICT_PROTOTYPES = YES;
				CLANG_WARN_SUSPICIOUS_MOVE = YES;
				CLANG_WARN_UNGUARDED_AVAILABILITY = YES_AGGRESSIVE;
				CLANG_WARN_UNREACHABLE_CODE = YES;
				CLANG_WARN__DUPLICATE_METHOD_MATCH = YES;
				COPY_PHASE_STRIP = NO;
				DEBUG_INFORMATION_FORMAT = "dwarf-with-dsym";
				ENABLE_NS_ASSERTIONS = NO;
				ENABLE_STRICT_OBJC_MSGSEND = YES;
				GCC_C_LANGUAGE_STANDARD = gnu11;
				GCC_NO_COMMON_BLOCKS = YES;
				GCC_WARN_64_TO_32_BIT_CONVERSION = YES;
				GCC_WARN_ABOUT_RETURN_TYPE = YES_ERROR;
				GCC_WARN_UNDECLARED_SELECTOR = YES;
				GCC_WARN_UNINITIALIZED_AUTOS = YES_AGGRESSIVE;
				GCC_WARN_UNUSED_FUNCTION = YES;
				GCC_WARN_UNUSED_VARIABLE = YES;
				IPHONEOS_DEPLOYMENT_TARGET = 13.4;
				MTL_ENABLE_DEBUG_INFO = NO;
				MTL_FAST_MATH = YES;
				SDKROOT = iphoneos;
				SWIFT_COMPILATION_MODE = wholemodule;
				SWIFT_OPTIMIZATION_LEVEL = "-O";
				VALIDATE_PRODUCT = YES;
			};
			name = Release;
		};
		21DB459E247F287E007A8C4F /* Debug */ = {
			isa = XCBuildConfiguration;
			baseConfigurationReference = 6C026A028E69AC2D188287B2 /* Pods-SportTechnic.debug.xcconfig */;
			buildSettings = {
				ASSETCATALOG_COMPILER_APPICON_NAME = AppIcon;
				CODE_SIGN_STYLE = Automatic;
				DEVELOPMENT_TEAM = 9R68542CP5;
				INFOPLIST_FILE = SportTechnic/Info.plist;
				LD_RUNPATH_SEARCH_PATHS = (
					"$(inherited)",
					"@executable_path/Frameworks",
				);
				PRODUCT_BUNDLE_IDENTIFIER = mx.ST.SportTechnic;
				PRODUCT_NAME = "$(TARGET_NAME)";
				SWIFT_VERSION = 5.0;
				TARGETED_DEVICE_FAMILY = "1,2";
			};
			name = Debug;
		};
		21DB459F247F287E007A8C4F /* Release */ = {
			isa = XCBuildConfiguration;
			baseConfigurationReference = D7FF1DADC87051651830899E /* Pods-SportTechnic.release.xcconfig */;
			buildSettings = {
				ASSETCATALOG_COMPILER_APPICON_NAME = AppIcon;
				CODE_SIGN_STYLE = Automatic;
				DEVELOPMENT_TEAM = 9R68542CP5;
				INFOPLIST_FILE = SportTechnic/Info.plist;
				LD_RUNPATH_SEARCH_PATHS = (
					"$(inherited)",
					"@executable_path/Frameworks",
				);
				PRODUCT_BUNDLE_IDENTIFIER = mx.ST.SportTechnic;
				PRODUCT_NAME = "$(TARGET_NAME)";
				SWIFT_VERSION = 5.0;
				TARGETED_DEVICE_FAMILY = "1,2";
			};
			name = Release;
		};
/* End XCBuildConfiguration section */

/* Begin XCConfigurationList section */
		21DB4584247F287D007A8C4F /* Build configuration list for PBXProject "SportTechnic" */ = {
			isa = XCConfigurationList;
			buildConfigurations = (
				21DB459B247F287E007A8C4F /* Debug */,
				21DB459C247F287E007A8C4F /* Release */,
			);
			defaultConfigurationIsVisible = 0;
			defaultConfigurationName = Release;
		};
		21DB459D247F287E007A8C4F /* Build configuration list for PBXNativeTarget "SportTechnic" */ = {
			isa = XCConfigurationList;
			buildConfigurations = (
				21DB459E247F287E007A8C4F /* Debug */,
				21DB459F247F287E007A8C4F /* Release */,
			);
			defaultConfigurationIsVisible = 0;
			defaultConfigurationName = Release;
		};
/* End XCConfigurationList section */
	};
	rootObject = 21DB4581247F287D007A8C4F /* Project object */;
}
